
Microsoft Visual Studio Solution File, Format Version 12.00
# Visual Studio Version 17
VisualStudioVersion = 17.5.002.0
MinimumVisualStudioVersion = 10.0.40219.1
Project("{9A19103F-16F7-4668-BE54-9A1E7A4F7556}") = "CS001_HelloWorld", "CS001_HelloWorld.csproj", "{2D60EE67-A9C8-4F9A-A442-16B72858F018}"
EndProject
Global
	GlobalSection(SolutionConfigurationPlatforms) = preSolution
		Debug|Any CPU = Debug|Any CPU
		Release|Any CPU = Release|Any CPU
	EndGlobalSection
	GlobalSection(ProjectConfigurationPlatforms) = postSolution
		{2D60EE67-A9C8-4F9A-A442-16B72858F018}.Debug|Any CPU.ActiveCfg = Debug|Any CPU
		{2D60EE67-A9C8-4F9A-A442-16B72858F018}.Debug|Any CPU.Build.0 = Debug|Any CPU
		{2D60EE67-A9C8-4F9A-A442-16B72858F018}.Release|Any CPU.ActiveCfg = Release|Any CPU
		{2D60EE67-A9C8-4F9A-A442-16B72858F018}.Release|Any CPU.Build.0 = Release|Any CPU
	EndGlobalSection
	GlobalSection(SolutionProperties) = preSolution
		HideSolutionNode = FALSE
	EndGlobalSection
	GlobalSection(ExtensibilityGlobals) = postSolution
		SolutionGuid = {D72AE756-73FC-4462-AA58-70998EB8A62E}
	EndGlobalSection
EndGlobal
